
Microsoft Visual Studio Solution File, Format Version 12.00
# Visual Studio 15
Project("{FAE04EC0-301F-11D3-BF4B-00C04F79EFBC}") = "VFF.Tests.PlayMode", "VFF.Tests.PlayMode.csproj", "{904672CD-1845-A184-49B6-ADAD6F453142}"
EndProject
Project("{FAE04EC0-301F-11D3-BF4B-00C04F79EFBC}") = "Assembly-CSharp", "Assembly-CSharp.csproj", "{FCEE95AF-B3B4-3E18-D6BA-4B4C08514E61}"
EndProject
Project("{FAE04EC0-301F-11D3-BF4B-00C04F79EFBC}") = "VFF", "VFF.csproj", "{32429C73-B196-9764-2741-319F44221039}"
EndProject
Project("{FAE04EC0-301F-11D3-BF4B-00C04F79EFBC}") = "VFF.Editor", "VFF.Editor.csproj", "{72CDD4CF-50DC-ABEE-D0BC-109EF94B9837}"
EndProject
Project("{FAE04EC0-301F-11D3-BF4B-00C04F79EFBC}") = "VFF.Tests.EditMode", "VFF.Tests.EditMode.csproj", "{C467FA8C-7519-3661-E165-5A3E2AF741BA}"
EndProject
Project("{FAE04EC0-301F-11D3-BF4B-00C04F79EFBC}") = "VFF.Tests", "VFF.Tests.csproj", "{697FE45C-1A25-5B40-48E4-E40AB67CE61A}"
EndProject
Global
	GlobalSection(SolutionConfigurationPlatforms) = preSolution
		Debug|Any CPU = Debug|Any CPU
		Release|Any CPU = Release|Any CPU
	EndGlobalSection
	GlobalSection(ProjectConfigurationPlatforms) = postSolution
		{904672CD-1845-A184-49B6-ADAD6F453142}.Debug|Any CPU.ActiveCfg = Debug|Any CPU
		{904672CD-1845-A184-49B6-ADAD6F453142}.Debug|Any CPU.Build.0 = Debug|Any CPU
		{904672CD-1845-A184-49B6-ADAD6F453142}.Release|Any CPU.ActiveCfg = Release|Any CPU
		{904672CD-1845-A184-49B6-ADAD6F453142}.Release|Any CPU.Build.0 = Release|Any CPU
		{FCEE95AF-B3B4-3E18-D6BA-4B4C08514E61}.Debug|Any CPU.ActiveCfg = Debug|Any CPU
		{FCEE95AF-B3B4-3E18-D6BA-4B4C08514E61}.Debug|Any CPU.Build.0 = Debug|Any CPU
		{FCEE95AF-B3B4-3E18-D6BA-4B4C08514E61}.Release|Any CPU.ActiveCfg = Release|Any CPU
		{FCEE95AF-B3B4-3E18-D6BA-4B4C08514E61}.Release|Any CPU.Build.0 = Release|Any CPU
		{32429C73-B196-9764-2741-319F44221039}.Debug|Any CPU.ActiveCfg = Debug|Any CPU
		{32429C73-B196-9764-2741-319F44221039}.Debug|Any CPU.Build.0 = Debug|Any CPU
		{32429C73-B196-9764-2741-319F44221039}.Release|Any CPU.ActiveCfg = Release|Any CPU
		{32429C73-B196-9764-2741-319F44221039}.Release|Any CPU.Build.0 = Release|Any CPU
		{72CDD4CF-50DC-ABEE-D0BC-109EF94B9837}.Debug|Any CPU.ActiveCfg = Debug|Any CPU
		{72CDD4CF-50DC-ABEE-D0BC-109EF94B9837}.Debug|Any CPU.Build.0 = Debug|Any CPU
		{72CDD4CF-50DC-ABEE-D0BC-109EF94B9837}.Release|Any CPU.ActiveCfg = Release|Any CPU
		{72CDD4CF-50DC-ABEE-D0BC-109EF94B9837}.Release|Any CPU.Build.0 = Release|Any CPU
		{C467FA8C-7519-3661-E165-5A3E2AF741BA}.Debug|Any CPU.ActiveCfg = Debug|Any CPU
		{C467FA8C-7519-3661-E165-5A3E2AF741BA}.Debug|Any CPU.Build.0 = Debug|Any CPU
		{C467FA8C-7519-3661-E165-5A3E2AF741BA}.Release|Any CPU.ActiveCfg = Release|Any CPU
		{C467FA8C-7519-3661-E165-5A3E2AF741BA}.Release|Any CPU.Build.0 = Release|Any CPU
		{697FE45C-1A25-5B40-48E4-E40AB67CE61A}.Debug|Any CPU.ActiveCfg = Debug|Any CPU
		{697FE45C-1A25-5B40-48E4-E40AB67CE61A}.Debug|Any CPU.Build.0 = Debug|Any CPU
		{697FE45C-1A25-5B40-48E4-E40AB67CE61A}.Release|Any CPU.ActiveCfg = Release|Any CPU
		{697FE45C-1A25-5B40-48E4-E40AB67CE61A}.Release|Any CPU.Build.0 = Release|Any CPU
	EndGlobalSection
	GlobalSection(SolutionProperties) = preSolution
		HideSolutionNode = FALSE
	EndGlobalSection
EndGlobal
